// !$*UTF8*$!
{
	archiveVersion = 1;
	classes = {
	};
	objectVersion = 77;
	objects = {

/* Begin PBXBuildFile section */
		6AA6E01B2CD52C240079D3B9 /* SwiftyHUD in Frameworks */ = {isa = PBXBuildFile; productRef = 6AA6E01A2CD52C240079D3B9 /* SwiftyHUD */; };
		6AA6E01F2CD52C9B0079D3B9 /* SwiftyHUD in Frameworks */ = {isa = PBXBuildFile; productRef = 6AA6E01E2CD52C9B0079D3B9 /* SwiftyHUD */; };
/* End PBXBuildFile section */

/* Begin PBXContainerItemProxy section */
		6AA6DFFC2CD52BF30079D3B9 /* PBXContainerItemProxy */ = {
			isa = PBXContainerItemProxy;
			containerPortal = 6AA6DFDD2CD52BF00079D3B9 /* Project object */;
			proxyType = 1;
			remoteGlobalIDString = 6AA6DFE42CD52BF00079D3B9;
			remoteInfo = ExampleApp;
		};
		6AA6E0062CD52BF30079D3B9 /* PBXContainerItemProxy */ = {
			isa = PBXContainerItemProxy;
			containerPortal = 6AA6DFDD2CD52BF00079D3B9 /* Project object */;
			proxyType = 1;
			remoteGlobalIDString = 6AA6DFE42CD52BF00079D3B9;
			remoteInfo = ExampleApp;
		};
/* End PBXContainerItemProxy section */

/* Begin PBXFileReference section */
		6AA6DFE52CD52BF00079D3B9 /* ExampleApp.app */ = {isa = PBXFileReference; explicitFileType = wrapper.application; includeInIndex = 0; path = ExampleApp.app; sourceTree = BUILT_PRODUCTS_DIR; };
		6AA6DFFB2CD52BF30079D3B9 /* ExampleAppTests.xctest */ = {isa = PBXFileReference; explicitFileType = wrapper.cfbundle; includeInIndex = 0; path = ExampleAppTests.xctest; sourceTree = BUILT_PRODUCTS_DIR; };
		6AA6E0052CD52BF30079D3B9 /* ExampleAppUITests.xctest */ = {isa = PBXFileReference; explicitFileType = wrapper.cfbundle; includeInIndex = 0; path = ExampleAppUITests.xctest; sourceTree = BUILT_PRODUCTS_DIR; };
		6AA6E06C2CD5E5110079D3B9 /* SwiftyHUD */ = {isa = PBXFileReference; lastKnownFileType = wrapper; name = SwiftyHUD; path = ..; sourceTree = "<group>"; };
/* End PBXFileReference section */

/* Begin PBXFileSystemSynchronizedBuildFileExceptionSet section */
		6AA6E00D2CD52BF30079D3B9 /* Exceptions for "ExampleApp" folder in "ExampleApp" target */ = {
			isa = PBXFileSystemSynchronizedBuildFileExceptionSet;
			membershipExceptions = (
				Info.plist,
			);
			target = 6AA6DFE42CD52BF00079D3B9 /* ExampleApp */;
		};
/* End PBXFileSystemSynchronizedBuildFileExceptionSet section */

/* Begin PBXFileSystemSynchronizedRootGroup section */
		6AA6DFE72CD52BF00079D3B9 /* ExampleApp */ = {
			isa = PBXFileSystemSynchronizedRootGroup;
			exceptions = (
				6AA6E00D2CD52BF30079D3B9 /* Exceptions for "ExampleApp" folder in "ExampleApp" target */,
			);
			path = ExampleApp;
			sourceTree = "<group>";
		};
		6AA6DFFE2CD52BF30079D3B9 /* ExampleAppTests */ = {
			isa = PBXFileSystemSynchronizedRootGroup;
			path = ExampleAppTests;
			sourceTree = "<group>";
		};
		6AA6E0082CD52BF30079D3B9 /* ExampleAppUITests */ = {
			isa = PBXFileSystemSynchronizedRootGroup;
			path = ExampleAppUITests;
			sourceTree = "<group>";
		};
/* End PBXFileSystemSynchronizedRootGroup section */

/* Begin PBXFrameworksBuildPhase section */
		6AA6DFE22CD52BF00079D3B9 /* Frameworks */ = {
			isa = PBXFrameworksBuildPhase;
			buildActionMask = 2147483647;
			files = (
				6AA6E01F2CD52C9B0079D3B9 /* SwiftyHUD in Frameworks */,
				6AA6E01B2CD52C240079D3B9 /* SwiftyHUD in Frameworks */,
			);
			runOnlyForDeploymentPostprocessing = 0;
		};
		6AA6DFF82CD52BF30079D3B9 /* Frameworks */ = {
			isa = PBXFrameworksBuildPhase;
			buildActionMask = 2147483647;
			files = (
			);
			runOnlyForDeploymentPostprocessing = 0;
		};
		6AA6E0022CD52BF30079D3B9 /* Frameworks */ = {
			isa = PBXFrameworksBuildPhase;
			buildActionMask = 2147483647;
			files = (
			);
			runOnlyForDeploymentPostprocessing = 0;
		};
/* End PBXFrameworksBuildPhase section */

/* Begin PBXGroup section */
		6AA6DFDC2CD52BF00079D3B9 = {
			isa = PBXGroup;
			children = (
				6AA6DFE72CD52BF00079D3B9 /* ExampleApp */,
				6AA6DFFE2CD52BF30079D3B9 /* ExampleAppTests */,
				6AA6E0082CD52BF30079D3B9 /* ExampleAppUITests */,
				6AA6E06B2CD5E5110079D3B9 /* Frameworks */,
				6AA6DFE62CD52BF00079D3B9 /* Products */,
			);
			sourceTree = "<group>";
		};
		6AA6DFE62CD52BF00079D3B9 /* Products */ = {
			isa = PBXGroup;
			children = (
				6AA6DFE52CD52BF00079D3B9 /* ExampleApp.app */,
				6AA6DFFB2CD52BF30079D3B9 /* ExampleAppTests.xctest */,
				6AA6E0052CD52BF30079D3B9 /* ExampleAppUITests.xctest */,
			);
			name = Products;
			sourceTree = "<group>";
		};
		6AA6E06B2CD5E5110079D3B9 /* Frameworks */ = {
			isa = PBXGroup;
			children = (
				6AA6E06C2CD5E5110079D3B9 /* SwiftyHUD */,
			);
			name = Frameworks;
			sourceTree = "<group>";
		};
/* End PBXGroup section */

/* Begin PBXNativeTarget section */
		6AA6DFE42CD52BF00079D3B9 /* ExampleApp */ = {
			isa = PBXNativeTarget;
			buildConfigurationList = 6AA6E00E2CD52BF30079D3B9 /* Build configuration list for PBXNativeTarget "ExampleApp" */;
			buildPhases = (
				6AA6DFE12CD52BF00079D3B9 /* Sources */,
				6AA6DFE22CD52BF00079D3B9 /* Frameworks */,
				6AA6DFE32CD52BF00079D3B9 /* Resources */,
			);
			buildRules = (
			);
			dependencies = (
			);
			fileSystemSynchronizedGroups = (
				6AA6DFE72CD52BF00079D3B9 /* ExampleApp */,
			);
			name = ExampleApp;
			packageProductDependencies = (
				6AA6E01A2CD52C240079D3B9 /* SwiftyHUD */,
				6AA6E01E2CD52C9B0079D3B9 /* SwiftyHUD */,
			);
			productName = ExampleApp;
			productReference = 6AA6DFE52CD52BF00079D3B9 /* ExampleApp.app */;
			productType = "com.apple.product-type.application";
		};
		6AA6DFFA2CD52BF30079D3B9 /* ExampleAppTests */ = {
			isa = PBXNativeTarget;
			buildConfigurationList = 6AA6E0132CD52BF30079D3B9 /* Build configuration list for PBXNativeTarget "ExampleAppTests" */;
			buildPhases = (
				6AA6DFF72CD52BF30079D3B9 /* Sources */,
				6AA6DFF82CD52BF30079D3B9 /* Frameworks */,
				6AA6DFF92CD52BF30079D3B9 /* Resources */,
			);
			buildRules = (
			);
			dependencies = (
				6AA6DFFD2CD52BF30079D3B9 /* PBXTargetDependency */,
			);
			fileSystemSynchronizedGroups = (
				6AA6DFFE2CD52BF30079D3B9 /* ExampleAppTests */,
			);
			name = ExampleAppTests;
			packageProductDependencies = (
			);
			productName = ExampleAppTests;
			productReference = 6AA6DFFB2CD52BF30079D3B9 /* ExampleAppTests.xctest */;
			productType = "com.apple.product-type.bundle.unit-test";
		};
		6AA6E0042CD52BF30079D3B9 /* ExampleAppUITests */ = {
			isa = PBXNativeTarget;
			buildConfigurationList = 6AA6E0162CD52BF30079D3B9 /* Build configuration list for PBXNativeTarget "ExampleAppUITests" */;
			buildPhases = (
				6AA6E0012CD52BF30079D3B9 /* Sources */,
				6AA6E0022CD52BF30079D3B9 /* Frameworks */,
				6AA6E0032CD52BF30079D3B9 /* Resources */,
			);
			buildRules = (
			);
			dependencies = (
				6AA6E0072CD52BF30079D3B9 /* PBXTargetDependency */,
			);
			fileSystemSynchronizedGroups = (
				6AA6E0082CD52BF30079D3B9 /* ExampleAppUITests */,
			);
			name = ExampleAppUITests;
			packageProductDependencies = (
			);
			productName = ExampleAppUITests;
			productReference = 6AA6E0052CD52BF30079D3B9 /* ExampleAppUITests.xctest */;
			productType = "com.apple.product-type.bundle.ui-testing";
		};
/* End PBXNativeTarget section */

/* Begin PBXProject section */
		6AA6DFDD2CD52BF00079D3B9 /* Project object */ = {
			isa = PBXProject;
			attributes = {
				BuildIndependentTargetsInParallel = 1;
				LastSwiftUpdateCheck = 1600;
				LastUpgradeCheck = 1600;
				TargetAttributes = {
					6AA6DFE42CD52BF00079D3B9 = {
						CreatedOnToolsVersion = 16.0;
					};
					6AA6DFFA2CD52BF30079D3B9 = {
						CreatedOnToolsVersion = 16.0;
						TestTargetID = 6AA6DFE42CD52BF00079D3B9;
					};
					6AA6E0042CD52BF30079D3B9 = {
						CreatedOnToolsVersion = 16.0;
						TestTargetID = 6AA6DFE42CD52BF00079D3B9;
					};
				};
			};
			buildConfigurationList = 6AA6DFE02CD52BF00079D3B9 /* Build configuration list for PBXProject "ExampleApp" */;
			developmentRegion = en;
			hasScannedForEncodings = 0;
			knownRegions = (
				en,
				Base,
			);
			mainGroup = 6AA6DFDC2CD52BF00079D3B9;
			minimizedProjectReferenceProxies = 1;
			packageReferences = (
			);
			preferredProjectObjectVersion = 77;
			productRefGroup = 6AA6DFE62CD52BF00079D3B9 /* Products */;
			projectDirPath = "";
			projectRoot = "";
			targets = (
				6AA6DFE42CD52BF00079D3B9 /* ExampleApp */,
				6AA6DFFA2CD52BF30079D3B9 /* ExampleAppTests */,
				6AA6E0042CD52BF30079D3B9 /* ExampleAppUITests */,
			);
		};
/* End PBXProject section */

/* Begin PBXResourcesBuildPhase section */
		6AA6DFE32CD52BF00079D3B9 /* Resources */ = {
			isa = PBXResourcesBuildPhase;
			buildActionMask = 2147483647;
			files = (
			);
			runOnlyForDeploymentPostprocessing = 0;
		};
		6AA6DFF92CD52BF30079D3B9 /* Resources */ = {
			isa = PBXResourcesBuildPhase;
			buildActionMask = 2147483647;
			files = (
			);
			runOnlyForDeploymentPostprocessing = 0;
		};
		6AA6E0032CD52BF30079D3B9 /* Resources */ = {
			isa = PBXResourcesBuildPhase;
			buildActionMask = 2147483647;
			files = (
			);
			runOnlyForDeploymentPostprocessing = 0;
		};
/* End PBXResourcesBuildPhase section */

/* Begin PBXSourcesBuildPhase section */
		6AA6DFE12CD52BF00079D3B9 /* Sources */ = {
			isa = PBXSourcesBuildPhase;
			buildActionMask = 2147483647;
			files = (
			);
			runOnlyForDeploymentPostprocessing = 0;
		};
		6AA6DFF72CD52BF30079D3B9 /* Sources */ = {
			isa = PBXSourcesBuildPhase;
			buildActionMask = 2147483647;
			files = (
			);
			runOnlyForDeploymentPostprocessing = 0;
		};
		6AA6E0012CD52BF30079D3B9 /* Sources */ = {
			isa = PBXSourcesBuildPhase;
			buildActionMask = 2147483647;
			files = (
			);
			runOnlyForDeploymentPostprocessing = 0;
		};
/* End PBXSourcesBuildPhase section */

/* Begin PBXTargetDependency section */
		6AA6DFFD2CD52BF30079D3B9 /* PBXTargetDependency */ = {
			isa = PBXTargetDependency;
			target = 6AA6DFE42CD52BF00079D3B9 /* ExampleApp */;
			targetProxy = 6AA6DFFC2CD52BF30079D3B9 /* PBXContainerItemProxy */;
		};
		6AA6E0072CD52BF30079D3B9 /* PBXTargetDependency */ = {
			isa = PBXTargetDependency;
			target = 6AA6DFE42CD52BF00079D3B9 /* ExampleApp */;
			targetProxy = 6AA6E0062CD52BF30079D3B9 /* PBXContainerItemProxy */;
		};
/* End PBXTargetDependency section */

/* Begin XCBuildConfiguration section */
		6AA6E00F2CD52BF30079D3B9 /* Debug */ = {
			isa = XCBuildConfiguration;
			buildSettings = {
				ASSETCATALOG_COMPILER_APPICON_NAME = AppIcon;
				ASSETCATALOG_COMPILER_GLOBAL_ACCENT_COLOR_NAME = AccentColor;
				CODE_SIGN_STYLE = Automatic;
				CURRENT_PROJECT_VERSION = 1;
				GENERATE_INFOPLIST_FILE = YES;
				INFOPLIST_FILE = ExampleApp/Info.plist;
				INFOPLIST_KEY_UIApplicationSupportsIndirectInputEvents = YES;
				INFOPLIST_KEY_UILaunchStoryboardName = LaunchScreen;
				INFOPLIST_KEY_UIMainStoryboardFile = Main;
				INFOPLIST_KEY_UISupportedInterfaceOrientations_iPad = "UIInterfaceOrientationPortrait UIInterfaceOrientationPortraitUpsideDown UIInterfaceOrientationLandscapeLeft UIInterfaceOrientationLandscapeRight";
				INFOPLIST_KEY_UISupportedInterfaceOrientations_iPhone = "UIInterfaceOrientationPortrait UIInterfaceOrientationLandscapeLeft UIInterfaceOrientationLandscapeRight";
				LD_RUNPATH_SEARCH_PATHS = (
					"$(inherited)",
					"@executable_path/Frameworks",
				);
				MARKETING_VERSION = 1.0;
				PRODUCT_BUNDLE_IDENTIFIER = com.wwdc14yh.ExampleApp;
				PRODUCT_NAME = "$(TARGET_NAME)";
				SWIFT_EMIT_LOC_STRINGS = YES;
				SWIFT_VERSION = 5.0;
				TARGETED_DEVICE_FAMILY = "1,2";
			};
			name = Debug;
		};
		6AA6E0102CD52BF30079D3B9 /* Release */ = {
			isa = XCBuildConfiguration;
			buildSettings = {
				ASSETCATALOG_COMPILER_APPICON_NAME = AppIcon;
				ASSETCATALOG_COMPILER_GLOBAL_ACCENT_COLOR_NAME = AccentColor;
				CODE_SIGN_STYLE = Automatic;
				CURRENT_PROJECT_VERSION = 1;
				GENERATE_INFOPLIST_FILE = YES;
				INFOPLIST_FILE = ExampleApp/Info.plist;
				INFOPLIST_KEY_UIApplicationSupportsIndirectInputEvents = YES;
				INFOPLIST_KEY_UILaunchStoryboardName = LaunchScreen;
				INFOPLIST_KEY_UIMainStoryboardFile = Main;
				INFOPLIST_KEY_UISupportedInterfaceOrientations_iPad = "UIInterfaceOrientationPortrait UIInterfaceOrientationPortraitUpsideDown UIInterfaceOrientationLandscapeLeft UIInterfaceOrientationLandscapeRight";
				INFOPLIST_KEY_UISupportedInterfaceOrientations_iPhone = "UIInterfaceOrientationPortrait UIInterfaceOrientationLandscapeLeft UIInterfaceOrientationLandscapeRight";
				LD_RUNPATH_SEARCH_PATHS = (
					"$(inherited)",
					"@executable_path/Frameworks",
				);
				MARKETING_VERSION = 1.0;
				PRODUCT_BUNDLE_IDENTIFIER = com.wwdc14yh.ExampleApp;
				PRODUCT_NAME = "$(TARGET_NAME)";
				SWIFT_EMIT_LOC_STRINGS = YES;
				SWIFT_VERSION = 5.0;
				TARGETED_DEVICE_FAMILY = "1,2";
			};
			name = Release;
		};
		6AA6E0112CD52BF30079D3B9 /* Debug */ = {
			isa = XCBuildConfiguration;
			buildSettings = {
				ALWAYS_SEARCH_USER_PATHS = NO;
				ASSETCATALOG_COMPILER_GENERATE_SWIFT_ASSET_SYMBOL_EXTENSIONS = YES;
				CLANG_ANALYZER_NONNULL = YES;
				CLANG_ANALYZER_NUMBER_OBJECT_CONVERSION = YES_AGGRESSIVE;
				CLANG_CXX_LANGUAGE_STANDARD = "gnu++20";
				CLANG_ENABLE_MODULES = YES;
				CLANG_ENABLE_OBJC_ARC = YES;
				CLANG_ENABLE_OBJC_WEAK = YES;
				CLANG_WARN_BLOCK_CAPTURE_AUTORELEASING = YES;
				CLANG_WARN_BOOL_CONVERSION = YES;
				CLANG_WARN_COMMA = YES;
				CLANG_WARN_CONSTANT_CONVERSION = YES;
				CLANG_WARN_DEPRECATED_OBJC_IMPLEMENTATIONS = YES;
				CLANG_WARN_DIRECT_OBJC_ISA_USAGE = YES_ERROR;
				CLANG_WARN_DOCUMENTATION_COMMENTS = YES;
				CLANG_WARN_EMPTY_BODY = YES;
				CLANG_WARN_ENUM_CONVERSION = YES;
				CLANG_WARN_INFINITE_RECURSION = YES;
				CLANG_WARN_INT_CONVERSION = YES;
				CLANG_WARN_NON_LITERAL_NULL_CONVERSION = YES;
				CLANG_WARN_OBJC_IMPLICIT_RETAIN_SELF = YES;
				CLANG_WARN_OBJC_LITERAL_CONVERSION = YES;
				CLANG_WARN_OBJC_ROOT_CLASS = YES_ERROR;
				CLANG_WARN_QUOTED_INCLUDE_IN_FRAMEWORK_HEADER = YES;
				CLANG_WARN_RANGE_LOOP_ANALYSIS = YES;
				CLANG_WARN_STRICT_PROTOTYPES = YES;
				CLANG_WARN_SUSPICIOUS_MOVE = YES;
				CLANG_WARN_UNGUARDED_AVAILABILITY = YES_AGGRESSIVE;
				CLANG_WARN_UNREACHABLE_CODE = YES;
				CLANG_WARN__DUPLICATE_METHOD_MATCH = YES;
				COPY_PHASE_STRIP = NO;
				DEBUG_INFORMATION_FORMAT = dwarf;
				ENABLE_STRICT_OBJC_MSGSEND = YES;
				ENABLE_TESTABILITY = YES;
				ENABLE_USER_SCRIPT_SANDBOXING = YES;
				GCC_C_LANGUAGE_STANDARD = gnu17;
				GCC_DYNAMIC_NO_PIC = NO;
				GCC_NO_COMMON_BLOCKS = YES;
				GCC_OPTIMIZATION_LEVEL = 0;
				GCC_PREPROCESSOR_DEFINITIONS = (
					"DEBUG=1",
					"$(inherited)",
				);
				GCC_WARN_64_TO_32_BIT_CONVERSION = YES;
				GCC_WARN_ABOUT_RETURN_TYPE = YES_ERROR;
				GCC_WARN_UNDECLARED_SELECTOR = YES;
				GCC_WARN_UNINITIALIZED_AUTOS = YES_AGGRESSIVE;
				GCC_WARN_UNUSED_FUNCTION = YES;
				GCC_WARN_UNUSED_VARIABLE = YES;
				IPHONEOS_DEPLOYMENT_TARGET = 18.0;
				LOCALIZATION_PREFERS_STRING_CATALOGS = YES;
				MTL_ENABLE_DEBUG_INFO = INCLUDE_SOURCE;
				MTL_FAST_MATH = YES;
				ONLY_ACTIVE_ARCH = YES;
				SDKROOT = iphoneos;
				SWIFT_ACTIVE_COMPILATION_CONDITIONS = "DEBUG $(inherited)";
				SWIFT_OPTIMIZATION_LEVEL = "-Onone";
			};
			name = Debug;
		};
		6AA6E0122CD52BF30079D3B9 /* Release */ = {
			isa = XCBuildConfiguration;
			buildSettings = {
				ALWAYS_SEARCH_USER_PATHS = NO;
				ASSETCATALOG_COMPILER_GENERATE_SWIFT_ASSET_SYMBOL_EXTENSIONS = YES;
				CLANG_ANALYZER_NONNULL = YES;
				CLANG_ANALYZER_NUMBER_OBJECT_CONVERSION = YES_AGGRESSIVE;
				CLANG_CXX_LANGUAGE_STANDARD = "gnu++20";
				CLANG_ENABLE_MODULES = YES;
				CLANG_ENABLE_OBJC_ARC = YES;
				CLANG_ENABLE_OBJC_WEAK = YES;
				CLANG_WARN_BLOCK_CAPTURE_AUTORELEASING = YES;
				CLANG_WARN_BOOL_CONVERSION = YES;
				CLANG_WARN_COMMA = YES;
				CLANG_WARN_CONSTANT_CONVERSION = YES;
				CLANG_WARN_DEPRECATED_OBJC_IMPLEMENTATIONS = YES;
				CLANG_WARN_DIRECT_OBJC_ISA_USAGE = YES_ERROR;
				CLANG_WARN_DOCUMENTATION_COMMENTS = YES;
				CLANG_WARN_EMPTY_BODY = YES;
				CLANG_WARN_ENUM_CONVERSION = YES;
				CLANG_WARN_INFINITE_RECURSION = YES;
				CLANG_WARN_INT_CONVERSION = YES;
				CLANG_WARN_NON_LITERAL_NULL_CONVERSION = YES;
				CLANG_WARN_OBJC_IMPLICIT_RETAIN_SELF = YES;
				CLANG_WARN_OBJC_LITERAL_CONVERSION = YES;
				CLANG_WARN_OBJC_ROOT_CLASS = YES_ERROR;
				CLANG_WARN_QUOTED_INCLUDE_IN_FRAMEWORK_HEADER = YES;
				CLANG_WARN_RANGE_LOOP_ANALYSIS = YES;
				CLANG_WARN_STRICT_PROTOTYPES = YES;
				CLANG_WARN_SUSPICIOUS_MOVE = YES;
				CLANG_WARN_UNGUARDED_AVAILABILITY = YES_AGGRESSIVE;
				CLANG_WARN_UNREACHABLE_CODE = YES;
				CLANG_WARN__DUPLICATE_METHOD_MATCH = YES;
				COPY_PHASE_STRIP = NO;
				DEBUG_INFORMATION_FORMAT = "dwarf-with-dsym";
				ENABLE_NS_ASSERTIONS = NO;
				ENABLE_STRICT_OBJC_MSGSEND = YES;
				ENABLE_USER_SCRIPT_SANDBOXING = YES;
				GCC_C_LANGUAGE_STANDARD = gnu17;
				GCC_NO_COMMON_BLOCKS = YES;
				GCC_WARN_64_TO_32_BIT_CONVERSION = YES;
				GCC_WARN_ABOUT_RETURN_TYPE = YES_ERROR;
				GCC_WARN_UNDECLARED_SELECTOR = YES;
				GCC_WARN_UNINITIALIZED_AUTOS = YES_AGGRESSIVE;
				GCC_WARN_UNUSED_FUNCTION = YES;
				GCC_WARN_UNUSED_VARIABLE = YES;
				IPHONEOS_DEPLOYMENT_TARGET = 18.0;
				LOCALIZATION_PREFERS_STRING_CATALOGS = YES;
				MTL_ENABLE_DEBUG_INFO = NO;
				MTL_FAST_MATH = YES;
				SDKROOT = iphoneos;
				SWIFT_COMPILATION_MODE = wholemodule;
				VALIDATE_PRODUCT = YES;
			};
			name = Release;
		};
		6AA6E0142CD52BF30079D3B9 /* Debug */ = {
			isa = XCBuildConfiguration;
			buildSettings = {
				BUNDLE_LOADER = "$(TEST_HOST)";
				CODE_SIGN_STYLE = Automatic;
				CURRENT_PROJECT_VERSION = 1;
				GENERATE_INFOPLIST_FILE = YES;
				IPHONEOS_DEPLOYMENT_TARGET = 18.0;
				MARKETING_VERSION = 1.0;
				PRODUCT_BUNDLE_IDENTIFIER = com.wwdc14yh.ExampleAppTests;
				PRODUCT_NAME = "$(TARGET_NAME)";
				SWIFT_EMIT_LOC_STRINGS = NO;
				SWIFT_VERSION = 5.0;
				TARGETED_DEVICE_FAMILY = "1,2";
				TEST_HOST = "$(BUILT_PRODUCTS_DIR)/ExampleApp.app/$(BUNDLE_EXECUTABLE_FOLDER_PATH)/ExampleApp";
			};
			name = Debug;
		};
		6AA6E0152CD52BF30079D3B9 /* Release */ = {
			isa = XCBuildConfiguration;
			buildSettings = {
				BUNDLE_LOADER = "$(TEST_HOST)";
				CODE_SIGN_STYLE = Automatic;
				CURRENT_PROJECT_VERSION = 1;
				GENERATE_INFOPLIST_FILE = YES;
				IPHONEOS_DEPLOYMENT_TARGET = 18.0;
				MARKETING_VERSION = 1.0;
				PRODUCT_BUNDLE_IDENTIFIER = com.wwdc14yh.ExampleAppTests;
				PRODUCT_NAME = "$(TARGET_NAME)";
				SWIFT_EMIT_LOC_STRINGS = NO;
				SWIFT_VERSION = 5.0;
				TARGETED_DEVICE_FAMILY = "1,2";
				TEST_HOST = "$(BUILT_PRODUCTS_DIR)/ExampleApp.app/$(BUNDLE_EXECUTABLE_FOLDER_PATH)/ExampleApp";
			};
			name = Release;
		};
		6AA6E0172CD52BF30079D3B9 /* Debug */ = {
			isa = XCBuildConfiguration;
			buildSettings = {
				CODE_SIGN_STYLE = Automatic;
				CURRENT_PROJECT_VERSION = 1;
				GENERATE_INFOPLIST_FILE = YES;
				MARKETING_VERSION = 1.0;
				PRODUCT_BUNDLE_IDENTIFIER = com.wwdc14yh.ExampleAppUITests;
				PRODUCT_NAME = "$(TARGET_NAME)";
				SWIFT_EMIT_LOC_STRINGS = NO;
				SWIFT_VERSION = 5.0;
				TARGETED_DEVICE_FAMILY = "1,2";
				TEST_TARGET_NAME = ExampleApp;
			};
			name = Debug;
		};
		6AA6E0182CD52BF30079D3B9 /* Release */ = {
			isa = XCBuildConfiguration;
			buildSettings = {
				CODE_SIGN_STYLE = Automatic;
				CURRENT_PROJECT_VERSION = 1;
				GENERATE_INFOPLIST_FILE = YES;
				MARKETING_VERSION = 1.0;
				PRODUCT_BUNDLE_IDENTIFIER = com.wwdc14yh.ExampleAppUITests;
				PRODUCT_NAME = "$(TARGET_NAME)";
				SWIFT_EMIT_LOC_STRINGS = NO;
				SWIFT_VERSION = 5.0;
				TARGETED_DEVICE_FAMILY = "1,2";
				TEST_TARGET_NAME = ExampleApp;
			};
			name = Release;
		};
/* End XCBuildConfiguration section */

/* Begin XCConfigurationList section */
		6AA6DFE02CD52BF00079D3B9 /* Build configuration list for PBXProject "ExampleApp" */ = {
			isa = XCConfigurationList;
			buildConfigurations = (
				6AA6E0112CD52BF30079D3B9 /* Debug */,
				6AA6E0122CD52BF30079D3B9 /* Release */,
			);
			defaultConfigurationIsVisible = 0;
			defaultConfigurationName = Release;
		};
		6AA6E00E2CD52BF30079D3B9 /* Build configuration list for PBXNativeTarget "ExampleApp" */ = {
			isa = XCConfigurationList;
			buildConfigurations = (
				6AA6E00F2CD52BF30079D3B9 /* Debug */,
				6AA6E0102CD52BF30079D3B9 /* Release */,
			);
			defaultConfigurationIsVisible = 0;
			defaultConfigurationName = Release;
		};
		6AA6E0132CD52BF30079D3B9 /* Build configuration list for PBXNativeTarget "ExampleAppTests" */ = {
			isa = XCConfigurationList;
			buildConfigurations = (
				6AA6E0142CD52BF30079D3B9 /* Debug */,
				6AA6E0152CD52BF30079D3B9 /* Release */,
			);
			defaultConfigurationIsVisible = 0;
			defaultConfigurationName = Release;
		};
		6AA6E0162CD52BF30079D3B9 /* Build configuration list for PBXNativeTarget "ExampleAppUITests" */ = {
			isa = XCConfigurationList;
			buildConfigurations = (
				6AA6E0172CD52BF30079D3B9 /* Debug */,
				6AA6E0182CD52BF30079D3B9 /* Release */,
			);
			defaultConfigurationIsVisible = 0;
			defaultConfigurationName = Release;
		};
/* End XCConfigurationList section */

/* Begin XCSwiftPackageProductDependency section */
		6AA6E01A2CD52C240079D3B9 /* SwiftyHUD */ = {
			isa = XCSwiftPackageProductDependency;
			productName = SwiftyHUD;
		};
		6AA6E01E2CD52C9B0079D3B9 /* SwiftyHUD */ = {
			isa = XCSwiftPackageProductDependency;
			productName = SwiftyHUD;
		};
/* End XCSwiftPackageProductDependency section */
	};
	rootObject = 6AA6DFDD2CD52BF00079D3B9 /* Project object */;
}
